<?xml version="1.0" encoding="utf-8"?>
<Project ToolsVersion="4.0" xmlns="http://schemas.microsoft.com/developer/msbuild/2003">
  <ItemGroup>
    <Filter Include="Source Files">
      <UniqueIdentifier>{4FC737F1-C7A5-4376-A066-2A32D752A2FF}</UniqueIdentifier>
      <Extensions>cpp;c;cc;cxx;c++;cppm;ixx;def;odl;idl;hpj;bat;asm;asmx</Extensions>
    </Filter>
    <Filter Include="Header Files">
      <UniqueIdentifier>{93995380-89BD-4b04-88EB-625FBE52EBFB}</UniqueIdentifier>
      <Extensions>h;hh;hpp;hxx;h++;hm;inl;inc;ipp;xsd</Extensions>
    </Filter>
    <Filter Include="Resource Files">
      <UniqueIdentifier>{67DA6AB6-F800-4c08-8B7A-83BB121AAD01}</UniqueIdentifier>
      <Extensions>rc;ico;cur;bmp;dlg;rc2;rct;bin;rgs;gif;jpg;jpeg;jpe;resx;tiff;tif;png;wav;mfcribbon-ms</Extensions>
    </Filter>
    <Filter Include="Header Files\Subsystems">
      <UniqueIdentifier>{e2c374d9-5085-410f-9526-4b1b2d0816ff}</UniqueIdentifier>
    </Filter>
    <Filter Include="Header Files\Commands">
      <UniqueIdentifier>{a57e860a-0b86-46c8-a3a1-8efaf956db46}</UniqueIdentifier>
    </Filter>
    <Filter Include="Header Files\Devices">
      <UniqueIdentifier>{1a664abf-c7b5-472c-bb58-b2327c3b2c23}</UniqueIdentifier>
    </Filter>
    <Filter Include="Source Files\Subsystems">
      <UniqueIdentifier>{3387287b-a2db-4afe-bdc3-83c17f05b8d1}</UniqueIdentifier>
    </Filter>
    <Filter Include="Source Files\Commands">
      <UniqueIdentifier>{aed9e72a-011c-4bd0-85fd-779f211600ba}</UniqueIdentifier>
    </Filter>
    <Filter Include="Source Files\Devices">
      <UniqueIdentifier>{9defbfc5-a9e3-4191-b71d-70ca7588c408}</UniqueIdentifier>
    </Filter>
  </ItemGroup>
  <ItemGroup>
    <ClCompile Include="Test thing.cpp">
      <Filter>Source Files</Filter>
    </ClCompile>
    <ClCompile Include="CameraSubsystem.cpp">
      <Filter>Source Files\Subsystems</Filter>
    </ClCompile>
    <ClCompile Include="DriveTrainSubsystem.cpp">
      <Filter>Source Files\Subsystems</Filter>
    </ClCompile>
    <ClCompile Include="LoaderSubsystem.cpp">
      <Filter>Source Files\Subsystems</Filter>
    </ClCompile>
    <ClCompile Include="ShooterSubsystem.cpp">
      <Filter>Source Files\Subsystems</Filter>
    </ClCompile>
    <ClCompile Include="ShooterCommand.cpp">
      <Filter>Source Files\Commands</Filter>
    </ClCompile>
    <ClCompile Include="Lidar.cpp">
      <Filter>Source Files\Devices</Filter>
    </ClCompile>
    <ClCompile Include="Spark.cpp">
      <Filter>Source Files\Devices</Filter>
    </ClCompile>
    <ClCompile Include="Vector.cpp">
      <Filter>Source Files\Devices</Filter>
    </ClCompile>
    <ClCompile Include="Container.cpp">
      <Filter>Source Files</Filter>
    </ClCompile>
  </ItemGroup>
  <ItemGroup>
    <ClInclude Include="Constants.h">
      <Filter>Header Files</Filter>
    </ClInclude>
    <ClInclude Include="CameraSubsystem.h">
      <Filter>Header Files\Subsystems</Filter>
    </ClInclude>
    <ClInclude Include="DriveTrainSubsystem.h">
      <Filter>Header Files\Subsystems</Filter>
    </ClInclude>
    <ClInclude Include="LoaderSubsystem.h">
      <Filter>Header Files\Subsystems</Filter>
    </ClInclude>
    <ClInclude Include="ShooterSubsystem.h">
      <Filter>Header Files\Subsystems</Filter>
    </ClInclude>
    <ClInclude Include="ShooterCommand.h">
      <Filter>Header Files\Commands</Filter>
    </ClInclude>
    <ClInclude Include="Lidar.h">
      <Filter>Header Files\Devices</Filter>
    </ClInclude>
    <ClInclude Include="Spark.h">
      <Filter>Header Files\Devices</Filter>
    </ClInclude>
    <ClInclude Include="Vector.h">
      <Filter>Header Files\Devices</Filter>
    </ClInclude>
    <ClInclude Include="Container.h">
      <Filter>Header Files</Filter>
    </ClInclude>
  </ItemGroup>
</Project>